
Microsoft Visual Studio Solution File, Format Version 12.00
# Visual Studio Version 16
VisualStudioVersion = 16.0.29123.88
MinimumVisualStudioVersion = 10.0.40219.1
Project("{9A19103F-16F7-4668-BE54-9A1E7A4F7556}") = "MoneyTransfer.Messages", "MoneyTransfer.Messages\MoneyTransfer.Messages.csproj", "{EBBF161C-E476-4A36-BD16-5D71E22FFD99}"
EndProject
Project("{9A19103F-16F7-4668-BE54-9A1E7A4F7556}") = "MoneyTransfer.Services", "MoneyTransfer.Services\MoneyTransfer.Services.csproj", "{BEFAEC31-EC7A-478F-9563-BE704048E4C4}"
EndProject
Project("{FAE04EC0-301F-11D3-BF4B-00C04F79EFBC}") = "MoneyTransfer.Api", "MoneyTransfer.Api\MoneyTransfer.Api.csproj", "{49A773FA-60D1-467A-B244-09B06F4C87EA}"
EndProject
Project("{E53339B2-1760-4266-BCC7-CA923CBCF16C}") = "docker-compose", "docker-compose.dcproj", "{38445B4B-360B-4458-AA05-6BE03D787744}"
EndProject
Global
	GlobalSection(SolutionConfigurationPlatforms) = preSolution
		Debug|Any CPU = Debug|Any CPU
		Release|Any CPU = Release|Any CPU
	EndGlobalSection
	GlobalSection(ProjectConfigurationPlatforms) = postSolution
		{EBBF161C-E476-4A36-BD16-5D71E22FFD99}.Debug|Any CPU.ActiveCfg = Debug|Any CPU
		{EBBF161C-E476-4A36-BD16-5D71E22FFD99}.Debug|Any CPU.Build.0 = Debug|Any CPU
		{EBBF161C-E476-4A36-BD16-5D71E22FFD99}.Release|Any CPU.ActiveCfg = Release|Any CPU
		{EBBF161C-E476-4A36-BD16-5D71E22FFD99}.Release|Any CPU.Build.0 = Release|Any CPU
		{BEFAEC31-EC7A-478F-9563-BE704048E4C4}.Debug|Any CPU.ActiveCfg = Debug|Any CPU
		{BEFAEC31-EC7A-478F-9563-BE704048E4C4}.Debug|Any CPU.Build.0 = Debug|Any CPU
		{BEFAEC31-EC7A-478F-9563-BE704048E4C4}.Release|Any CPU.ActiveCfg = Release|Any CPU
		{BEFAEC31-EC7A-478F-9563-BE704048E4C4}.Release|Any CPU.Build.0 = Release|Any CPU
		{49A773FA-60D1-467A-B244-09B06F4C87EA}.Debug|Any CPU.ActiveCfg = Debug|Any CPU
		{49A773FA-60D1-467A-B244-09B06F4C87EA}.Debug|Any CPU.Build.0 = Debug|Any CPU
		{49A773FA-60D1-467A-B244-09B06F4C87EA}.Release|Any CPU.ActiveCfg = Release|Any CPU
		{49A773FA-60D1-467A-B244-09B06F4C87EA}.Release|Any CPU.Build.0 = Release|Any CPU
		{38445B4B-360B-4458-AA05-6BE03D787744}.Debug|Any CPU.ActiveCfg = Debug|Any CPU
		{38445B4B-360B-4458-AA05-6BE03D787744}.Debug|Any CPU.Build.0 = Debug|Any CPU
		{38445B4B-360B-4458-AA05-6BE03D787744}.Release|Any CPU.ActiveCfg = Release|Any CPU
		{38445B4B-360B-4458-AA05-6BE03D787744}.Release|Any CPU.Build.0 = Release|Any CPU
	EndGlobalSection
	GlobalSection(SolutionProperties) = preSolution
		HideSolutionNode = FALSE
	EndGlobalSection
	GlobalSection(ExtensibilityGlobals) = postSolution
		SolutionGuid = {4DE3B9F0-6592-470A-8FF6-ECAB7F072826}
	EndGlobalSection
EndGlobal
