
Microsoft Visual Studio Solution File, Format Version 12.00
# Visual Studio Version 16
VisualStudioVersion = 16.0.29123.88
MinimumVisualStudioVersion = 10.0.40219.1
Project("{9A19103F-16F7-4668-BE54-9A1E7A4F7556}") = "MoneyTransfer.Service", "MoneyTransfer.Service\MoneyTransfer.Service.csproj", "{8BD58D48-20AA-40F8-B16B-0EB15B1DD24A}"
EndProject
Project("{9A19103F-16F7-4668-BE54-9A1E7A4F7556}") = "MoneyTransfer.Api", "MoneyTransfer.Api\MoneyTransfer.Api.csproj", "{8C840EF2-EA41-4553-904D-F778B756E30E}"
EndProject
Global
	GlobalSection(SolutionConfigurationPlatforms) = preSolution
		Debug|Any CPU = Debug|Any CPU
		Release|Any CPU = Release|Any CPU
	EndGlobalSection
	GlobalSection(ProjectConfigurationPlatforms) = postSolution
		{8BD58D48-20AA-40F8-B16B-0EB15B1DD24A}.Debug|Any CPU.ActiveCfg = Debug|Any CPU
		{8BD58D48-20AA-40F8-B16B-0EB15B1DD24A}.Debug|Any CPU.Build.0 = Debug|Any CPU
		{8BD58D48-20AA-40F8-B16B-0EB15B1DD24A}.Release|Any CPU.ActiveCfg = Release|Any CPU
		{8BD58D48-20AA-40F8-B16B-0EB15B1DD24A}.Release|Any CPU.Build.0 = Release|Any CPU
		{8C840EF2-EA41-4553-904D-F778B756E30E}.Debug|Any CPU.ActiveCfg = Debug|Any CPU
		{8C840EF2-EA41-4553-904D-F778B756E30E}.Debug|Any CPU.Build.0 = Debug|Any CPU
		{8C840EF2-EA41-4553-904D-F778B756E30E}.Release|Any CPU.ActiveCfg = Release|Any CPU
		{8C840EF2-EA41-4553-904D-F778B756E30E}.Release|Any CPU.Build.0 = Release|Any CPU
	EndGlobalSection
	GlobalSection(SolutionProperties) = preSolution
		HideSolutionNode = FALSE
	EndGlobalSection
	GlobalSection(ExtensibilityGlobals) = postSolution
		SolutionGuid = {4DE3B9F0-6592-470A-8FF6-ECAB7F072826}
	EndGlobalSection
EndGlobal
